{
  "name": "object-manager",
  "lockfileVersion": 2,
  "requires": true,
  "packages": {
    "": {
      "name": "object-manager",
      "workspaces": [
        "projects/api"
      ]
    },
    "node_modules/object-manager-api": {
      "resolved": "projects/api",
      "link": true
    },
    "projects/api": {
      "name": "object-manager-api",
      "version": "0.0.1",
      "license": "MIT"
    }
  },
  "dependencies": {
    "object-manager-api": {
      "version": "file:projects/api"
    }
  }
}
